{
 "graph_lock": {
  "nodes": {
   "0": {
    "options": "ftxui:shared=False\ngtest:build_gmock=True\ngtest:hide_symbols=False\ngtest:no_main=False\ngtest:shared=False",
    "requires": [
     "1",
     "2"
    ],
    "path": "..\\conanfile.txt",
    "context": "host"
   },
   "1": {
    "ref": "ftxui/5.0.0#99cc82efeb91a0d9d60edc45c1085471",
    "options": "shared=False",
    "package_id": "5a61a86bb3e07ce4262c80e1510f9c05e9b6d48b",
    "prev": "445070e808138df663f3101785f4c743",
    "context": "host"
   },
   "2": {
    "ref": "gtest/1.11.0#8aca975046f1b60c660ee9d066764d69",
    "options": "build_gmock=True\nhide_symbols=False\nno_main=False\nshared=False",
    "package_id": "10f3c0a3a24a1055f3670e6694da4a93d078e663",
    "prev": "de21a77cc01334556a0f274700f3a0e3",
    "context": "host"
   }
  },
  "revisions_enabled": true
 },
 "version": "0.4",
 "profile_host": "[settings]\narch=x86_64\narch_build=x86_64\nbuild_type=Release\ncompiler=Visual Studio\ncompiler.runtime=MD\ncompiler.version=17\nos=Windows\nos_build=Windows\n[options]\n[build_requires]\n[env]\n"
}